
Microsoft Visual Studio Solution File, Format Version 12.00
# Visual Studio Version 17
VisualStudioVersion = 17.2.32526.322
MinimumVisualStudioVersion = 10.0.40219.1
Project("{9A19103F-16F7-4668-BE54-9A1E7A4F7556}") = "Mahjong", "Mahjong\Mahjong.csproj", "{02D9C9E5-3A98-4728-B549-62E8349A0851}"
EndProject
Project("{9A19103F-16F7-4668-BE54-9A1E7A4F7556}") = "Mahjong.Application", "Mahjong.Application\Mahjong.Application.csproj", "{B06B81A1-F3E5-4A81-BF6B-4E2F583D5855}"
EndProject
Project("{9A19103F-16F7-4668-BE54-9A1E7A4F7556}") = "Mahjong.Domain", "Mahjong.Domain\Mahjong.Domain.csproj", "{C383A512-687B-4E58-B167-E9BC1A0D5A72}"
EndProject
Project("{9A19103F-16F7-4668-BE54-9A1E7A4F7556}") = "Mahjong.Infrastructure", "Mahjong.Infrastructure\Mahjong.Infrastructure.csproj", "{495D655B-D3B9-4189-BDF3-A96A0E64DBBC}"
EndProject
Project("{FAE04EC0-301F-11D3-BF4B-00C04F79EFBC}") = "Mahjong.Test", "Mahjong.Test\Mahjong.Test.csproj", "{61088C3B-0BB8-42C6-B7E4-B45F5052F56A}"
EndProject
Global
	GlobalSection(SolutionConfigurationPlatforms) = preSolution
		Debug|Any CPU = Debug|Any CPU
		Release|Any CPU = Release|Any CPU
	EndGlobalSection
	GlobalSection(ProjectConfigurationPlatforms) = postSolution
		{02D9C9E5-3A98-4728-B549-62E8349A0851}.Debug|Any CPU.ActiveCfg = Debug|Any CPU
		{02D9C9E5-3A98-4728-B549-62E8349A0851}.Debug|Any CPU.Build.0 = Debug|Any CPU
		{02D9C9E5-3A98-4728-B549-62E8349A0851}.Release|Any CPU.ActiveCfg = Release|Any CPU
		{02D9C9E5-3A98-4728-B549-62E8349A0851}.Release|Any CPU.Build.0 = Release|Any CPU
		{B06B81A1-F3E5-4A81-BF6B-4E2F583D5855}.Debug|Any CPU.ActiveCfg = Debug|Any CPU
		{B06B81A1-F3E5-4A81-BF6B-4E2F583D5855}.Debug|Any CPU.Build.0 = Debug|Any CPU
		{B06B81A1-F3E5-4A81-BF6B-4E2F583D5855}.Release|Any CPU.ActiveCfg = Release|Any CPU
		{B06B81A1-F3E5-4A81-BF6B-4E2F583D5855}.Release|Any CPU.Build.0 = Release|Any CPU
		{C383A512-687B-4E58-B167-E9BC1A0D5A72}.Debug|Any CPU.ActiveCfg = Debug|Any CPU
		{C383A512-687B-4E58-B167-E9BC1A0D5A72}.Debug|Any CPU.Build.0 = Debug|Any CPU
		{C383A512-687B-4E58-B167-E9BC1A0D5A72}.Release|Any CPU.ActiveCfg = Release|Any CPU
		{C383A512-687B-4E58-B167-E9BC1A0D5A72}.Release|Any CPU.Build.0 = Release|Any CPU
		{495D655B-D3B9-4189-BDF3-A96A0E64DBBC}.Debug|Any CPU.ActiveCfg = Debug|Any CPU
		{495D655B-D3B9-4189-BDF3-A96A0E64DBBC}.Debug|Any CPU.Build.0 = Debug|Any CPU
		{495D655B-D3B9-4189-BDF3-A96A0E64DBBC}.Release|Any CPU.ActiveCfg = Release|Any CPU
		{495D655B-D3B9-4189-BDF3-A96A0E64DBBC}.Release|Any CPU.Build.0 = Release|Any CPU
		{61088C3B-0BB8-42C6-B7E4-B45F5052F56A}.Debug|Any CPU.ActiveCfg = Debug|Any CPU
		{61088C3B-0BB8-42C6-B7E4-B45F5052F56A}.Debug|Any CPU.Build.0 = Debug|Any CPU
		{61088C3B-0BB8-42C6-B7E4-B45F5052F56A}.Release|Any CPU.ActiveCfg = Release|Any CPU
		{61088C3B-0BB8-42C6-B7E4-B45F5052F56A}.Release|Any CPU.Build.0 = Release|Any CPU
	EndGlobalSection
	GlobalSection(SolutionProperties) = preSolution
		HideSolutionNode = FALSE
	EndGlobalSection
	GlobalSection(ExtensibilityGlobals) = postSolution
		SolutionGuid = {79CCD9F8-784A-47EC-B974-D563D54F0815}
	EndGlobalSection
EndGlobal
