
Microsoft Visual Studio Solution File, Format Version 12.00
# Visual Studio Version 17
VisualStudioVersion = 17.10.35122.118
MinimumVisualStudioVersion = 10.0.40219.1
Project("{9A19103F-16F7-4668-BE54-9A1E7A4F7556}") = "Mahjong.Presentation", "Mahjong.Presentation\Mahjong.Presentation.csproj", "{11FA475F-896C-4734-9029-B541E40A9611}"
EndProject
Project("{9A19103F-16F7-4668-BE54-9A1E7A4F7556}") = "Mahjong.Model", "Mahjong.Model\Mahjong.Model.csproj", "{A949FCB4-A363-4635-B8AD-5230FD5E99A2}"
EndProject
Project("{9A19103F-16F7-4668-BE54-9A1E7A4F7556}") = "Mahjong.Test", "Mahjong.Test\Mahjong.Test.csproj", "{F6B8E414-2666-4BA6-AF8F-4033DEFBB252}"
EndProject
Global
	GlobalSection(SolutionConfigurationPlatforms) = preSolution
		Debug|Any CPU = Debug|Any CPU
		Release|Any CPU = Release|Any CPU
	EndGlobalSection
	GlobalSection(ProjectConfigurationPlatforms) = postSolution
		{11FA475F-896C-4734-9029-B541E40A9611}.Debug|Any CPU.ActiveCfg = Debug|Any CPU
		{11FA475F-896C-4734-9029-B541E40A9611}.Debug|Any CPU.Build.0 = Debug|Any CPU
		{11FA475F-896C-4734-9029-B541E40A9611}.Release|Any CPU.ActiveCfg = Release|Any CPU
		{11FA475F-896C-4734-9029-B541E40A9611}.Release|Any CPU.Build.0 = Release|Any CPU
		{A949FCB4-A363-4635-B8AD-5230FD5E99A2}.Debug|Any CPU.ActiveCfg = Debug|Any CPU
		{A949FCB4-A363-4635-B8AD-5230FD5E99A2}.Debug|Any CPU.Build.0 = Debug|Any CPU
		{A949FCB4-A363-4635-B8AD-5230FD5E99A2}.Release|Any CPU.ActiveCfg = Release|Any CPU
		{A949FCB4-A363-4635-B8AD-5230FD5E99A2}.Release|Any CPU.Build.0 = Release|Any CPU
		{F6B8E414-2666-4BA6-AF8F-4033DEFBB252}.Debug|Any CPU.ActiveCfg = Debug|Any CPU
		{F6B8E414-2666-4BA6-AF8F-4033DEFBB252}.Debug|Any CPU.Build.0 = Debug|Any CPU
		{F6B8E414-2666-4BA6-AF8F-4033DEFBB252}.Release|Any CPU.ActiveCfg = Release|Any CPU
		{F6B8E414-2666-4BA6-AF8F-4033DEFBB252}.Release|Any CPU.Build.0 = Release|Any CPU
	EndGlobalSection
	GlobalSection(SolutionProperties) = preSolution
		HideSolutionNode = FALSE
	EndGlobalSection
	GlobalSection(ExtensibilityGlobals) = postSolution
		SolutionGuid = {AD7B24CE-73A3-482E-971E-9B8D8A66EC69}
	EndGlobalSection
EndGlobal
